dependencies:
- name: k8s-platform
  repository: file://platform
  version: 0.8.0
- name: opencrane-server
  repository: file://../../opencrane/helm
  version: 0.8.0
- name: opencrane-ui
  repository: file://../../opencrane-ui/helm
  version: 0.8.0
- name: opencrane-channel-proxy
  repository: file://../../channel-proxy/helm
  version: 0.8.0
- name: opencrane-memory-gateway
  repository: file://../../memory-gateway/helm
  version: 0.8.0
- name: opencrane-artifact-service
  repository: file://../../artifact-service/helm
  version: 0.8.0
- name: opencrane-artifact-preprocessor
  repository: file://../../artifact-preprocessor/helm
  version: 0.8.0
- name: opencrane-artifact-scanner
  repository: file://../../artifact-scanner/helm
  version: 0.8.0
- name: opencrane-agent-controller
  repository: file://../../agent-controller/helm
  version: 0.8.0
- name: opencrane-managed-agent-runtime
  repository: file://../../managed-agent-runtime/helm
  version: 0.8.0
- name: opencrane-skill-authoring
  repository: file://../../skill-authoring/helm
  version: 0.8.0
- name: opencrane-tool-runner
  repository: file://../../tool-runner/helm
  version: 0.8.0
- name: opencrane-cognee
  repository: file://../cognee/helm
  version: 0.8.0
- name: opencrane-litellm
  repository: file://../litellm/helm
  version: 0.8.0
- name: opencrane-obot
  repository: file://../obot/helm
  version: 0.8.0
digest: sha256:ed5aac19c97a4ab9ae2f4d7511e9fa15aaa24a1dcf74e4f8df51b3ea7b61398d
generated: "2026-08-11T23:48:06.065929+03:00"
