dependencies:
- name: k8s-platform
  repository: file://platform
  version: 0.1.0
- name: opencrane-server
  repository: file://../../opencrane/helm
  version: 0.1.0
- name: opencrane-ui
  repository: file://../../opencrane-ui/helm
  version: 0.1.0
- name: opencrane-channel-proxy
  repository: file://../../channel-proxy/helm
  version: 0.1.0
- name: opencrane-artifact-service
  repository: file://../../artifact-service/helm
  version: 0.1.0
- name: opencrane-artifact-preprocessor
  repository: file://../../artifact-preprocessor/helm
  version: 0.1.0
- name: opencrane-agent-controller
  repository: file://../../agent-controller/helm
  version: 0.1.0
- name: opencrane-skill-authoring
  repository: file://../../skill-authoring/helm
  version: 0.1.0
- name: opencrane-tool-runner
  repository: file://../../tool-runner/helm
  version: 0.1.0
- name: opencrane-cognee
  repository: file://../cognee/helm
  version: 0.1.0
- name: opencrane-litellm
  repository: file://../litellm/helm
  version: 0.1.0
- name: opencrane-obot
  repository: file://../obot/helm
  version: 0.1.0
- name: langfuse
  repository: https://langfuse.github.io/langfuse-k8s
  version: 1.5.37
digest: sha256:2a206b11d7770ba68b1b146c6fbd05dd78ae6aafe84b909f1d1fef496e1bca5e
generated: "2026-07-26T14:56:40.936218+03:00"
